
Microsoft Visual Studio Solution File, Format Version 11.00
# Visual Studio 2010
Project("{FAE04EC0-301F-11D3-BF4B-00C04F79EFBC}") = "Algorithm", "Algorithm\Algorithm.csproj", "{EE419E0C-409B-451A-A0CE-5EBE555AA945}"
EndProject
Project("{FAE04EC0-301F-11D3-BF4B-00C04F79EFBC}") = "SortAlgorithm", "SortAlgorithm\SortAlgorithm.csproj", "{579EF6F6-5DF9-463B-A061-4875E1FDAFDE}"
EndProject
Project("{FAE04EC0-301F-11D3-BF4B-00C04F79EFBC}") = "AlgorithmSolution", "AlgorithmSolution\AlgorithmSolution.csproj", "{F9649FCE-EFD8-4DF7-899B-D2274932D992}"
EndProject
Project("{FAE04EC0-301F-11D3-BF4B-00C04F79EFBC}") = "Structure", "Structure\Structure.csproj", "{A1A6C88F-86C1-4D71-8CAB-C83E246C3059}"
EndProject
Global
	GlobalSection(SolutionConfigurationPlatforms) = preSolution
		Debug|Any CPU = Debug|Any CPU
		Debug|Mixed Platforms = Debug|Mixed Platforms
		Debug|x86 = Debug|x86
		Release|Any CPU = Release|Any CPU
		Release|Mixed Platforms = Release|Mixed Platforms
		Release|x86 = Release|x86
	EndGlobalSection
	GlobalSection(ProjectConfigurationPlatforms) = postSolution
		{EE419E0C-409B-451A-A0CE-5EBE555AA945}.Debug|Any CPU.ActiveCfg = Debug|x86
		{EE419E0C-409B-451A-A0CE-5EBE555AA945}.Debug|Mixed Platforms.ActiveCfg = Debug|x86
		{EE419E0C-409B-451A-A0CE-5EBE555AA945}.Debug|Mixed Platforms.Build.0 = Debug|x86
		{EE419E0C-409B-451A-A0CE-5EBE555AA945}.Debug|x86.ActiveCfg = Debug|x86
		{EE419E0C-409B-451A-A0CE-5EBE555AA945}.Debug|x86.Build.0 = Debug|x86
		{EE419E0C-409B-451A-A0CE-5EBE555AA945}.Release|Any CPU.ActiveCfg = Release|x86
		{EE419E0C-409B-451A-A0CE-5EBE555AA945}.Release|Mixed Platforms.ActiveCfg = Release|x86
		{EE419E0C-409B-451A-A0CE-5EBE555AA945}.Release|Mixed Platforms.Build.0 = Release|x86
		{EE419E0C-409B-451A-A0CE-5EBE555AA945}.Release|x86.ActiveCfg = Release|x86
		{EE419E0C-409B-451A-A0CE-5EBE555AA945}.Release|x86.Build.0 = Release|x86
		{579EF6F6-5DF9-463B-A061-4875E1FDAFDE}.Debug|Any CPU.ActiveCfg = Debug|Any CPU
		{579EF6F6-5DF9-463B-A061-4875E1FDAFDE}.Debug|Any CPU.Build.0 = Debug|Any CPU
		{579EF6F6-5DF9-463B-A061-4875E1FDAFDE}.Debug|Mixed Platforms.ActiveCfg = Debug|Any CPU
		{579EF6F6-5DF9-463B-A061-4875E1FDAFDE}.Debug|Mixed Platforms.Build.0 = Debug|Any CPU
		{579EF6F6-5DF9-463B-A061-4875E1FDAFDE}.Debug|x86.ActiveCfg = Debug|Any CPU
		{579EF6F6-5DF9-463B-A061-4875E1FDAFDE}.Release|Any CPU.ActiveCfg = Release|Any CPU
		{579EF6F6-5DF9-463B-A061-4875E1FDAFDE}.Release|Any CPU.Build.0 = Release|Any CPU
		{579EF6F6-5DF9-463B-A061-4875E1FDAFDE}.Release|Mixed Platforms.ActiveCfg = Release|Any CPU
		{579EF6F6-5DF9-463B-A061-4875E1FDAFDE}.Release|Mixed Platforms.Build.0 = Release|Any CPU
		{579EF6F6-5DF9-463B-A061-4875E1FDAFDE}.Release|x86.ActiveCfg = Release|Any CPU
		{F9649FCE-EFD8-4DF7-899B-D2274932D992}.Debug|Any CPU.ActiveCfg = Debug|Any CPU
		{F9649FCE-EFD8-4DF7-899B-D2274932D992}.Debug|Any CPU.Build.0 = Debug|Any CPU
		{F9649FCE-EFD8-4DF7-899B-D2274932D992}.Debug|Mixed Platforms.ActiveCfg = Debug|Any CPU
		{F9649FCE-EFD8-4DF7-899B-D2274932D992}.Debug|Mixed Platforms.Build.0 = Debug|Any CPU
		{F9649FCE-EFD8-4DF7-899B-D2274932D992}.Debug|x86.ActiveCfg = Debug|Any CPU
		{F9649FCE-EFD8-4DF7-899B-D2274932D992}.Release|Any CPU.ActiveCfg = Release|Any CPU
		{F9649FCE-EFD8-4DF7-899B-D2274932D992}.Release|Any CPU.Build.0 = Release|Any CPU
		{F9649FCE-EFD8-4DF7-899B-D2274932D992}.Release|Mixed Platforms.ActiveCfg = Release|Any CPU
		{F9649FCE-EFD8-4DF7-899B-D2274932D992}.Release|Mixed Platforms.Build.0 = Release|Any CPU
		{F9649FCE-EFD8-4DF7-899B-D2274932D992}.Release|x86.ActiveCfg = Release|Any CPU
		{A1A6C88F-86C1-4D71-8CAB-C83E246C3059}.Debug|Any CPU.ActiveCfg = Debug|Any CPU
		{A1A6C88F-86C1-4D71-8CAB-C83E246C3059}.Debug|Any CPU.Build.0 = Debug|Any CPU
		{A1A6C88F-86C1-4D71-8CAB-C83E246C3059}.Debug|Mixed Platforms.ActiveCfg = Debug|Any CPU
		{A1A6C88F-86C1-4D71-8CAB-C83E246C3059}.Debug|Mixed Platforms.Build.0 = Debug|Any CPU
		{A1A6C88F-86C1-4D71-8CAB-C83E246C3059}.Debug|x86.ActiveCfg = Debug|Any CPU
		{A1A6C88F-86C1-4D71-8CAB-C83E246C3059}.Release|Any CPU.ActiveCfg = Release|Any CPU
		{A1A6C88F-86C1-4D71-8CAB-C83E246C3059}.Release|Any CPU.Build.0 = Release|Any CPU
		{A1A6C88F-86C1-4D71-8CAB-C83E246C3059}.Release|Mixed Platforms.ActiveCfg = Release|Any CPU
		{A1A6C88F-86C1-4D71-8CAB-C83E246C3059}.Release|Mixed Platforms.Build.0 = Release|Any CPU
		{A1A6C88F-86C1-4D71-8CAB-C83E246C3059}.Release|x86.ActiveCfg = Release|Any CPU
	EndGlobalSection
	GlobalSection(SolutionProperties) = preSolution
		HideSolutionNode = FALSE
	EndGlobalSection
EndGlobal
